// !$*UTF8*$!
{
	archiveVersion = 1;
	classes = {
	};
	objectVersion = 50;
	objects = {

/* Begin PBXBuildFile section */
		7C682CFD6052DEEDC9561ACB /* Pods_Pos1.framework in Frameworks */ = {isa = PBXBuildFile; fileRef = A272B432B5B4B64953842835 /* Pods_Pos1.framework */; };
		800F4C2922E7C206009B93A2 /* logOutViewController.swift in Sources */ = {isa = PBXBuildFile; fileRef = 800F4C2222E7C204009B93A2 /* logOutViewController.swift */; };
		800F4C2A22E7C206009B93A2 /* signInViewController.swift in Sources */ = {isa = PBXBuildFile; fileRef = 800F4C2322E7C204009B93A2 /* signInViewController.swift */; };
		800F4C2B22E7C206009B93A2 /* startViewController.swift in Sources */ = {isa = PBXBuildFile; fileRef = 800F4C2422E7C205009B93A2 /* startViewController.swift */; };
		800F4C2C22E7C206009B93A2 /* jopsViewController.swift in Sources */ = {isa = PBXBuildFile; fileRef = 800F4C2522E7C205009B93A2 /* jopsViewController.swift */; };
		800F4C2D22E7C206009B93A2 /* scrollViewController.swift in Sources */ = {isa = PBXBuildFile; fileRef = 800F4C2622E7C205009B93A2 /* scrollViewController.swift */; };
		800F4C2E22E7C206009B93A2 /* splachViewController.swift in Sources */ = {isa = PBXBuildFile; fileRef = 800F4C2722E7C206009B93A2 /* splachViewController.swift */; };
		800F4C2F22E7C206009B93A2 /* orderViewController.swift in Sources */ = {isa = PBXBuildFile; fileRef = 800F4C2822E7C206009B93A2 /* orderViewController.swift */; };
		800F4C3522E7C22A009B93A2 /* colour.swift in Sources */ = {isa = PBXBuildFile; fileRef = 800F4C3022E7C228009B93A2 /* colour.swift */; };
		800F4C3622E7C22A009B93A2 /* anchor.swift in Sources */ = {isa = PBXBuildFile; fileRef = 800F4C3122E7C229009B93A2 /* anchor.swift */; };
		800F4C3722E7C22A009B93A2 /* roundPhoto.swift in Sources */ = {isa = PBXBuildFile; fileRef = 800F4C3222E7C229009B93A2 /* roundPhoto.swift */; };
		800F4C3822E7C22A009B93A2 /* seconderyCollectionViewCell.swift in Sources */ = {isa = PBXBuildFile; fileRef = 800F4C3322E7C22A009B93A2 /* seconderyCollectionViewCell.swift */; };
		800F4C3922E7C22A009B93A2 /* swappingCollectionViewCell.swift in Sources */ = {isa = PBXBuildFile; fileRef = 800F4C3422E7C22A009B93A2 /* swappingCollectionViewCell.swift */; };
		801D4FC522CA89F200532C52 /* ProductsCell.swift in Sources */ = {isa = PBXBuildFile; fileRef = 801D4FC322CA89F100532C52 /* ProductsCell.swift */; };
		801D4FC622CA89F200532C52 /* ProductsCell.xib in Resources */ = {isa = PBXBuildFile; fileRef = 801D4FC422CA89F100532C52 /* ProductsCell.xib */; };
		801D4FC822CABB7600532C52 /* TablesVC.swift in Sources */ = {isa = PBXBuildFile; fileRef = 801D4FC722CABB7600532C52 /* TablesVC.swift */; };
		8040B22A22E7260E008D50BE /* DriversChatVC.swift in Sources */ = {isa = PBXBuildFile; fileRef = 8040B22922E7260E008D50BE /* DriversChatVC.swift */; };
		8040B22C22E7263E008D50BE /* ChatCell.swift in Sources */ = {isa = PBXBuildFile; fileRef = 8040B22B22E7263E008D50BE /* ChatCell.swift */; };
		8040B22E22E72656008D50BE /* DriversCell.swift in Sources */ = {isa = PBXBuildFile; fileRef = 8040B22D22E72656008D50BE /* DriversCell.swift */; };
		8040B23122E737EB008D50BE /* OrdersCell.swift in Sources */ = {isa = PBXBuildFile; fileRef = 8040B22F22E737EB008D50BE /* OrdersCell.swift */; };
		8040B23222E737EB008D50BE /* OrdersCell.xib in Resources */ = {isa = PBXBuildFile; fileRef = 8040B23022E737EB008D50BE /* OrdersCell.xib */; };
		8041EBF222CB86E900C83A4B /* AddNewEmpVC.swift in Sources */ = {isa = PBXBuildFile; fileRef = 8041EBF122CB86E900C83A4B /* AddNewEmpVC.swift */; };
		8043476422C4F2C100551FD4 /* AppDelegate.swift in Sources */ = {isa = PBXBuildFile; fileRef = 8043476322C4F2C100551FD4 /* AppDelegate.swift */; };
		8043476622C4F2C100551FD4 /* CategoriesVC.swift in Sources */ = {isa = PBXBuildFile; fileRef = 8043476522C4F2C100551FD4 /* CategoriesVC.swift */; };
		8043476922C4F2C100551FD4 /* Main.storyboard in Resources */ = {isa = PBXBuildFile; fileRef = 8043476722C4F2C100551FD4 /* Main.storyboard */; };
		8043476B22C4F2C700551FD4 /* Assets.xcassets in Resources */ = {isa = PBXBuildFile; fileRef = 8043476A22C4F2C700551FD4 /* Assets.xcassets */; };
		8043476E22C4F2C700551FD4 /* LaunchScreen.storyboard in Resources */ = {isa = PBXBuildFile; fileRef = 8043476C22C4F2C700551FD4 /* LaunchScreen.storyboard */; };
		8043477622C4FCA500551FD4 /* CategoriesCell.swift in Sources */ = {isa = PBXBuildFile; fileRef = 8043477522C4FCA500551FD4 /* CategoriesCell.swift */; };
		804CF46222F20B8E0059CC6B /* APIsRequests.swift in Sources */ = {isa = PBXBuildFile; fileRef = 804CF46122F20B8E0059CC6B /* APIsRequests.swift */; };
		804CF46422F2120A0059CC6B /* Login.swift in Sources */ = {isa = PBXBuildFile; fileRef = 804CF46322F2120A0059CC6B /* Login.swift */; };
		805B6D9822E88CC30097FCD6 /* DeliveryVC.swift in Sources */ = {isa = PBXBuildFile; fileRef = 805B6D9722E88CC30097FCD6 /* DeliveryVC.swift */; };
		80753D662308AA9500547821 /* MainCategoriesData.swift in Sources */ = {isa = PBXBuildFile; fileRef = 80753D642308AA9500547821 /* MainCategoriesData.swift */; };
		80753D672308AA9500547821 /* MainCategories.swift in Sources */ = {isa = PBXBuildFile; fileRef = 80753D652308AA9500547821 /* MainCategories.swift */; };
		80753D6B2308AC0000547821 /* ProductsData.swift in Sources */ = {isa = PBXBuildFile; fileRef = 80753D692308AC0000547821 /* ProductsData.swift */; };
		80753D6C2308AC0000547821 /* Products.swift in Sources */ = {isa = PBXBuildFile; fileRef = 80753D6A2308AC0000547821 /* Products.swift */; };
		80A1C6D322C8F70800178D3D /* InvoicesVC.swift in Sources */ = {isa = PBXBuildFile; fileRef = 80A1C6D222C8F70800178D3D /* InvoicesVC.swift */; };
		80A1C6D522C8F77A00178D3D /* InvoicesCell.swift in Sources */ = {isa = PBXBuildFile; fileRef = 80A1C6D422C8F77A00178D3D /* InvoicesCell.swift */; };
		80A1C6D722C910AE00178D3D /* OrdersVC.swift in Sources */ = {isa = PBXBuildFile; fileRef = 80A1C6D622C910AE00178D3D /* OrdersVC.swift */; };
		80B2F9E8230C84BC00AF45AA /* Orders.swift in Sources */ = {isa = PBXBuildFile; fileRef = 80B2F9E4230C84BB00AF45AA /* Orders.swift */; };
		80B2F9E9230C84BC00AF45AA /* OrderDetails.swift in Sources */ = {isa = PBXBuildFile; fileRef = 80B2F9E5230C84BB00AF45AA /* OrderDetails.swift */; };
		80B2F9EA230C84BC00AF45AA /* OrderDetailsData.swift in Sources */ = {isa = PBXBuildFile; fileRef = 80B2F9E6230C84BC00AF45AA /* OrderDetailsData.swift */; };
		80B2F9EB230C84BC00AF45AA /* OrdersData.swift in Sources */ = {isa = PBXBuildFile; fileRef = 80B2F9E7230C84BC00AF45AA /* OrdersData.swift */; };
		80B2F9EE230C84CD00AF45AA /* proDetailsData.swift in Sources */ = {isa = PBXBuildFile; fileRef = 80B2F9EC230C84CD00AF45AA /* proDetailsData.swift */; };
		80B2F9EF230C84CD00AF45AA /* proDetails.swift in Sources */ = {isa = PBXBuildFile; fileRef = 80B2F9ED230C84CD00AF45AA /* proDetails.swift */; };
		80C61D6522CCDDCC00B488B0 /* KitchenVC.swift in Sources */ = {isa = PBXBuildFile; fileRef = 80C61D6422CCDDCC00B488B0 /* KitchenVC.swift */; };
		80C61D6722CCDEDE00B488B0 /* KitchenCell.swift in Sources */ = {isa = PBXBuildFile; fileRef = 80C61D6622CCDEDE00B488B0 /* KitchenCell.swift */; };
		80D6B0C3231C670F00F3BD45 /* InOutTablesData.swift in Sources */ = {isa = PBXBuildFile; fileRef = 80D6B0C1231C670F00F3BD45 /* InOutTablesData.swift */; };
		80D6B0C4231C670F00F3BD45 /* InOutTables.swift in Sources */ = {isa = PBXBuildFile; fileRef = 80D6B0C2231C670F00F3BD45 /* InOutTables.swift */; };
		80D6B0C9231C812300F3BD45 /* Invoice.swift in Sources */ = {isa = PBXBuildFile; fileRef = 80D6B0C7231C812200F3BD45 /* Invoice.swift */; };
		80D6B0CA231C812300F3BD45 /* InvoiceData.swift in Sources */ = {isa = PBXBuildFile; fileRef = 80D6B0C8231C812300F3BD45 /* InvoiceData.swift */; };
		80D6B0CD231C813400F3BD45 /* Kitchen.swift in Sources */ = {isa = PBXBuildFile; fileRef = 80D6B0CB231C813400F3BD45 /* Kitchen.swift */; };
		80D6B0CE231C813400F3BD45 /* KitchenData.swift in Sources */ = {isa = PBXBuildFile; fileRef = 80D6B0CC231C813400F3BD45 /* KitchenData.swift */; };
		C16C6AAA22EB2E8D006CA588 /* MohabMowafy.mobileprovision in Resources */ = {isa = PBXBuildFile; fileRef = C16C6AA922EB2E8D006CA588 /* MohabMowafy.mobileprovision */; };
		C16C6AAC22EB2F54006CA588 /* development.cer in Resources */ = {isa = PBXBuildFile; fileRef = C16C6AAB22EB2F54006CA588 /* development.cer */; };
/* End PBXBuildFile section */

/* Begin PBXFileReference section */
		800F4C2222E7C204009B93A2 /* logOutViewController.swift */ = {isa = PBXFileReference; fileEncoding = 4; lastKnownFileType = sourcecode.swift; path = logOutViewController.swift; sourceTree = "<group>"; };
		800F4C2322E7C204009B93A2 /* signInViewController.swift */ = {isa = PBXFileReference; fileEncoding = 4; lastKnownFileType = sourcecode.swift; path = signInViewController.swift; sourceTree = "<group>"; };
		800F4C2422E7C205009B93A2 /* startViewController.swift */ = {isa = PBXFileReference; fileEncoding = 4; lastKnownFileType = sourcecode.swift; path = startViewController.swift; sourceTree = "<group>"; };
		800F4C2522E7C205009B93A2 /* jopsViewController.swift */ = {isa = PBXFileReference; fileEncoding = 4; lastKnownFileType = sourcecode.swift; path = jopsViewController.swift; sourceTree = "<group>"; };
		800F4C2622E7C205009B93A2 /* scrollViewController.swift */ = {isa = PBXFileReference; fileEncoding = 4; lastKnownFileType = sourcecode.swift; path = scrollViewController.swift; sourceTree = "<group>"; };
		800F4C2722E7C206009B93A2 /* splachViewController.swift */ = {isa = PBXFileReference; fileEncoding = 4; lastKnownFileType = sourcecode.swift; path = splachViewController.swift; sourceTree = "<group>"; };
		800F4C2822E7C206009B93A2 /* orderViewController.swift */ = {isa = PBXFileReference; fileEncoding = 4; lastKnownFileType = sourcecode.swift; path = orderViewController.swift; sourceTree = "<group>"; };
		800F4C3022E7C228009B93A2 /* colour.swift */ = {isa = PBXFileReference; fileEncoding = 4; lastKnownFileType = sourcecode.swift; path = colour.swift; sourceTree = "<group>"; };
		800F4C3122E7C229009B93A2 /* anchor.swift */ = {isa = PBXFileReference; fileEncoding = 4; lastKnownFileType = sourcecode.swift; path = anchor.swift; sourceTree = "<group>"; };
		800F4C3222E7C229009B93A2 /* roundPhoto.swift */ = {isa = PBXFileReference; fileEncoding = 4; lastKnownFileType = sourcecode.swift; path = roundPhoto.swift; sourceTree = "<group>"; };
		800F4C3322E7C22A009B93A2 /* seconderyCollectionViewCell.swift */ = {isa = PBXFileReference; fileEncoding = 4; lastKnownFileType = sourcecode.swift; path = seconderyCollectionViewCell.swift; sourceTree = "<group>"; };
		800F4C3422E7C22A009B93A2 /* swappingCollectionViewCell.swift */ = {isa = PBXFileReference; fileEncoding = 4; lastKnownFileType = sourcecode.swift; path = swappingCollectionViewCell.swift; sourceTree = "<group>"; };
		801D4FC322CA89F100532C52 /* ProductsCell.swift */ = {isa = PBXFileReference; fileEncoding = 4; lastKnownFileType = sourcecode.swift; path = ProductsCell.swift; sourceTree = "<group>"; };
		801D4FC422CA89F100532C52 /* ProductsCell.xib */ = {isa = PBXFileReference; fileEncoding = 4; lastKnownFileType = file.xib; path = ProductsCell.xib; sourceTree = "<group>"; };
		801D4FC722CABB7600532C52 /* TablesVC.swift */ = {isa = PBXFileReference; lastKnownFileType = sourcecode.swift; path = TablesVC.swift; sourceTree = "<group>"; };
		8040B22922E7260E008D50BE /* DriversChatVC.swift */ = {isa = PBXFileReference; lastKnownFileType = sourcecode.swift; path = DriversChatVC.swift; sourceTree = "<group>"; };
		8040B22B22E7263E008D50BE /* ChatCell.swift */ = {isa = PBXFileReference; lastKnownFileType = sourcecode.swift; path = ChatCell.swift; sourceTree = "<group>"; };
		8040B22D22E72656008D50BE /* DriversCell.swift */ = {isa = PBXFileReference; lastKnownFileType = sourcecode.swift; path = DriversCell.swift; sourceTree = "<group>"; };
		8040B22F22E737EB008D50BE /* OrdersCell.swift */ = {isa = PBXFileReference; lastKnownFileType = sourcecode.swift; path = OrdersCell.swift; sourceTree = "<group>"; };
		8040B23022E737EB008D50BE /* OrdersCell.xib */ = {isa = PBXFileReference; lastKnownFileType = file.xib; path = OrdersCell.xib; sourceTree = "<group>"; };
		8041EBF122CB86E900C83A4B /* AddNewEmpVC.swift */ = {isa = PBXFileReference; lastKnownFileType = sourcecode.swift; path = AddNewEmpVC.swift; sourceTree = "<group>"; };
		8043476022C4F2C100551FD4 /* Pos1.app */ = {isa = PBXFileReference; explicitFileType = wrapper.application; includeInIndex = 0; path = Pos1.app; sourceTree = BUILT_PRODUCTS_DIR; };
		8043476322C4F2C100551FD4 /* AppDelegate.swift */ = {isa = PBXFileReference; lastKnownFileType = sourcecode.swift; path = AppDelegate.swift; sourceTree = "<group>"; };
		8043476522C4F2C100551FD4 /* CategoriesVC.swift */ = {isa = PBXFileReference; lastKnownFileType = sourcecode.swift; path = CategoriesVC.swift; sourceTree = "<group>"; };
		8043476822C4F2C100551FD4 /* Base */ = {isa = PBXFileReference; lastKnownFileType = file.storyboard; name = Base; path = Base.lproj/Main.storyboard; sourceTree = "<group>"; };
		8043476A22C4F2C700551FD4 /* Assets.xcassets */ = {isa = PBXFileReference; lastKnownFileType = folder.assetcatalog; path = Assets.xcassets; sourceTree = "<group>"; };
		8043476D22C4F2C700551FD4 /* Base */ = {isa = PBXFileReference; lastKnownFileType = file.storyboard; name = Base; path = Base.lproj/LaunchScreen.storyboard; sourceTree = "<group>"; };
		8043476F22C4F2C700551FD4 /* Info.plist */ = {isa = PBXFileReference; lastKnownFileType = text.plist.xml; path = Info.plist; sourceTree = "<group>"; };
		8043477522C4FCA500551FD4 /* CategoriesCell.swift */ = {isa = PBXFileReference; lastKnownFileType = sourcecode.swift; path = CategoriesCell.swift; sourceTree = "<group>"; };
		804CF46122F20B8E0059CC6B /* APIsRequests.swift */ = {isa = PBXFileReference; lastKnownFileType = sourcecode.swift; path = APIsRequests.swift; sourceTree = "<group>"; };
		804CF46322F2120A0059CC6B /* Login.swift */ = {isa = PBXFileReference; fileEncoding = 4; lastKnownFileType = sourcecode.swift; path = Login.swift; sourceTree = "<group>"; };
		805B6D9722E88CC30097FCD6 /* DeliveryVC.swift */ = {isa = PBXFileReference; lastKnownFileType = sourcecode.swift; path = DeliveryVC.swift; sourceTree = "<group>"; };
		80753D642308AA9500547821 /* MainCategoriesData.swift */ = {isa = PBXFileReference; fileEncoding = 4; lastKnownFileType = sourcecode.swift; path = MainCategoriesData.swift; sourceTree = "<group>"; };
		80753D652308AA9500547821 /* MainCategories.swift */ = {isa = PBXFileReference; fileEncoding = 4; lastKnownFileType = sourcecode.swift; path = MainCategories.swift; sourceTree = "<group>"; };
		80753D692308AC0000547821 /* ProductsData.swift */ = {isa = PBXFileReference; fileEncoding = 4; lastKnownFileType = sourcecode.swift; path = ProductsData.swift; sourceTree = "<group>"; };
		80753D6A2308AC0000547821 /* Products.swift */ = {isa = PBXFileReference; fileEncoding = 4; lastKnownFileType = sourcecode.swift; path = Products.swift; sourceTree = "<group>"; };
		80A1C6D222C8F70800178D3D /* InvoicesVC.swift */ = {isa = PBXFileReference; lastKnownFileType = sourcecode.swift; path = InvoicesVC.swift; sourceTree = "<group>"; };
		80A1C6D422C8F77A00178D3D /* InvoicesCell.swift */ = {isa = PBXFileReference; lastKnownFileType = sourcecode.swift; path = InvoicesCell.swift; sourceTree = "<group>"; };
		80A1C6D622C910AE00178D3D /* OrdersVC.swift */ = {isa = PBXFileReference; lastKnownFileType = sourcecode.swift; path = OrdersVC.swift; sourceTree = "<group>"; };
		80B2F9E4230C84BB00AF45AA /* Orders.swift */ = {isa = PBXFileReference; fileEncoding = 4; lastKnownFileType = sourcecode.swift; path = Orders.swift; sourceTree = "<group>"; };
		80B2F9E5230C84BB00AF45AA /* OrderDetails.swift */ = {isa = PBXFileReference; fileEncoding = 4; lastKnownFileType = sourcecode.swift; path = OrderDetails.swift; sourceTree = "<group>"; };
		80B2F9E6230C84BC00AF45AA /* OrderDetailsData.swift */ = {isa = PBXFileReference; fileEncoding = 4; lastKnownFileType = sourcecode.swift; path = OrderDetailsData.swift; sourceTree = "<group>"; };
		80B2F9E7230C84BC00AF45AA /* OrdersData.swift */ = {isa = PBXFileReference; fileEncoding = 4; lastKnownFileType = sourcecode.swift; path = OrdersData.swift; sourceTree = "<group>"; };
		80B2F9EC230C84CD00AF45AA /* proDetailsData.swift */ = {isa = PBXFileReference; fileEncoding = 4; lastKnownFileType = sourcecode.swift; path = proDetailsData.swift; sourceTree = "<group>"; };
		80B2F9ED230C84CD00AF45AA /* proDetails.swift */ = {isa = PBXFileReference; fileEncoding = 4; lastKnownFileType = sourcecode.swift; path = proDetails.swift; sourceTree = "<group>"; };
		80C61D6422CCDDCC00B488B0 /* KitchenVC.swift */ = {isa = PBXFileReference; lastKnownFileType = sourcecode.swift; path = KitchenVC.swift; sourceTree = "<group>"; };
		80C61D6622CCDEDE00B488B0 /* KitchenCell.swift */ = {isa = PBXFileReference; lastKnownFileType = sourcecode.swift; path = KitchenCell.swift; sourceTree = "<group>"; };
		80D6B0C1231C670F00F3BD45 /* InOutTablesData.swift */ = {isa = PBXFileReference; fileEncoding = 4; lastKnownFileType = sourcecode.swift; path = InOutTablesData.swift; sourceTree = "<group>"; };
		80D6B0C2231C670F00F3BD45 /* InOutTables.swift */ = {isa = PBXFileReference; fileEncoding = 4; lastKnownFileType = sourcecode.swift; path = InOutTables.swift; sourceTree = "<group>"; };
		80D6B0C7231C812200F3BD45 /* Invoice.swift */ = {isa = PBXFileReference; fileEncoding = 4; lastKnownFileType = sourcecode.swift; path = Invoice.swift; sourceTree = "<group>"; };
		80D6B0C8231C812300F3BD45 /* InvoiceData.swift */ = {isa = PBXFileReference; fileEncoding = 4; lastKnownFileType = sourcecode.swift; path = InvoiceData.swift; sourceTree = "<group>"; };
		80D6B0CB231C813400F3BD45 /* Kitchen.swift */ = {isa = PBXFileReference; fileEncoding = 4; lastKnownFileType = sourcecode.swift; path = Kitchen.swift; sourceTree = "<group>"; };
		80D6B0CC231C813400F3BD45 /* KitchenData.swift */ = {isa = PBXFileReference; fileEncoding = 4; lastKnownFileType = sourcecode.swift; path = KitchenData.swift; sourceTree = "<group>"; };
		A272B432B5B4B64953842835 /* Pods_Pos1.framework */ = {isa = PBXFileReference; explicitFileType = wrapper.framework; includeInIndex = 0; path = Pods_Pos1.framework; sourceTree = BUILT_PRODUCTS_DIR; };
		AFA4A6C825070508B839B7EB /* Pods-Pos1.release.xcconfig */ = {isa = PBXFileReference; includeInIndex = 1; lastKnownFileType = text.xcconfig; name = "Pods-Pos1.release.xcconfig"; path = "Pods/Target Support Files/Pods-Pos1/Pods-Pos1.release.xcconfig"; sourceTree = "<group>"; };
		C16C6AA922EB2E8D006CA588 /* MohabMowafy.mobileprovision */ = {isa = PBXFileReference; lastKnownFileType = file; path = MohabMowafy.mobileprovision; sourceTree = "<group>"; };
		C16C6AAB22EB2F54006CA588 /* development.cer */ = {isa = PBXFileReference; lastKnownFileType = file; path = development.cer; sourceTree = "<group>"; };
		C67E862F2E02074B4FB0EAC2 /* Pods-Pos1.debug.xcconfig */ = {isa = PBXFileReference; includeInIndex = 1; lastKnownFileType = text.xcconfig; name = "Pods-Pos1.debug.xcconfig"; path = "Pods/Target Support Files/Pods-Pos1/Pods-Pos1.debug.xcconfig"; sourceTree = "<group>"; };
/* End PBXFileReference section */

/* Begin PBXFrameworksBuildPhase section */
		8043475D22C4F2C100551FD4 /* Frameworks */ = {
			isa = PBXFrameworksBuildPhase;
			buildActionMask = 2147483647;
			files = (
				7C682CFD6052DEEDC9561ACB /* Pods_Pos1.framework in Frameworks */,
			);
			runOnlyForDeploymentPostprocessing = 0;
		};
/* End PBXFrameworksBuildPhase section */

/* Begin PBXGroup section */
		43C4A484233175721BB970B9 /* Pods */ = {
			isa = PBXGroup;
			children = (
				C67E862F2E02074B4FB0EAC2 /* Pods-Pos1.debug.xcconfig */,
				AFA4A6C825070508B839B7EB /* Pods-Pos1.release.xcconfig */,
			);
			name = Pods;
			sourceTree = "<group>";
		};
		8043475722C4F2C100551FD4 = {
			isa = PBXGroup;
			children = (
				8043476222C4F2C100551FD4 /* Pos1 */,
				8043476122C4F2C100551FD4 /* Products */,
				43C4A484233175721BB970B9 /* Pods */,
				B91B891D4050764B7D9A40A5 /* Frameworks */,
			);
			sourceTree = "<group>";
		};
		8043476122C4F2C100551FD4 /* Products */ = {
			isa = PBXGroup;
			children = (
				8043476022C4F2C100551FD4 /* Pos1.app */,
			);
			name = Products;
			sourceTree = "<group>";
		};
		8043476222C4F2C100551FD4 /* Pos1 */ = {
			isa = PBXGroup;
			children = (
				C16C6AAB22EB2F54006CA588 /* development.cer */,
				C16C6AA922EB2E8D006CA588 /* MohabMowafy.mobileprovision */,
				804CF46022F208990059CC6B /* services */,
				804CF45F22F208320059CC6B /* extention */,
				80A1C6DA22C910DC00178D3D /* model */,
				80A1C6D922C910D100178D3D /* view */,
				80A1C6D822C910C500178D3D /* controller */,
				8043476322C4F2C100551FD4 /* AppDelegate.swift */,
				8043476722C4F2C100551FD4 /* Main.storyboard */,
				8043476A22C4F2C700551FD4 /* Assets.xcassets */,
				8043476C22C4F2C700551FD4 /* LaunchScreen.storyboard */,
				8043476F22C4F2C700551FD4 /* Info.plist */,
			);
			path = Pos1;
			sourceTree = "<group>";
		};
		804CF45F22F208320059CC6B /* extention */ = {
			isa = PBXGroup;
			children = (
				800F4C3122E7C229009B93A2 /* anchor.swift */,
				800F4C3022E7C228009B93A2 /* colour.swift */,
				800F4C3222E7C229009B93A2 /* roundPhoto.swift */,
			);
			path = extention;
			sourceTree = "<group>";
		};
		804CF46022F208990059CC6B /* services */ = {
			isa = PBXGroup;
			children = (
				804CF46122F20B8E0059CC6B /* APIsRequests.swift */,
			);
			path = services;
			sourceTree = "<group>";
		};
		80753D632308AA7D00547821 /* categories */ = {
			isa = PBXGroup;
			children = (
				80753D652308AA9500547821 /* MainCategories.swift */,
				80753D642308AA9500547821 /* MainCategoriesData.swift */,
			);
			path = categories;
			sourceTree = "<group>";
		};
		80753D682308ABE200547821 /* products */ = {
			isa = PBXGroup;
			children = (
				80753D6A2308AC0000547821 /* Products.swift */,
				80753D692308AC0000547821 /* ProductsData.swift */,
				80B2F9ED230C84CD00AF45AA /* proDetails.swift */,
				80B2F9EC230C84CD00AF45AA /* proDetailsData.swift */,
			);
			path = products;
			sourceTree = "<group>";
		};
		80A1C6D822C910C500178D3D /* controller */ = {
			isa = PBXGroup;
			children = (
				8043476522C4F2C100551FD4 /* CategoriesVC.swift */,
				80A1C6D222C8F70800178D3D /* InvoicesVC.swift */,
				80A1C6D622C910AE00178D3D /* OrdersVC.swift */,
				801D4FC722CABB7600532C52 /* TablesVC.swift */,
				8041EBF122CB86E900C83A4B /* AddNewEmpVC.swift */,
				80C61D6422CCDDCC00B488B0 /* KitchenVC.swift */,
				8040B22922E7260E008D50BE /* DriversChatVC.swift */,
				805B6D9722E88CC30097FCD6 /* DeliveryVC.swift */,
				800F4C2722E7C206009B93A2 /* splachViewController.swift */,
				800F4C2422E7C205009B93A2 /* startViewController.swift */,
				800F4C2522E7C205009B93A2 /* jopsViewController.swift */,
				800F4C2322E7C204009B93A2 /* signInViewController.swift */,
				800F4C2622E7C205009B93A2 /* scrollViewController.swift */,
				800F4C2822E7C206009B93A2 /* orderViewController.swift */,
				800F4C2222E7C204009B93A2 /* logOutViewController.swift */,
			);
			path = controller;
			sourceTree = "<group>";
		};
		80A1C6D922C910D100178D3D /* view */ = {
			isa = PBXGroup;
			children = (
				8043477522C4FCA500551FD4 /* CategoriesCell.swift */,
				80A1C6D422C8F77A00178D3D /* InvoicesCell.swift */,
				800F4C3322E7C22A009B93A2 /* seconderyCollectionViewCell.swift */,
				800F4C3422E7C22A009B93A2 /* swappingCollectionViewCell.swift */,
				801D4FC322CA89F100532C52 /* ProductsCell.swift */,
				801D4FC422CA89F100532C52 /* ProductsCell.xib */,
				80C61D6622CCDEDE00B488B0 /* KitchenCell.swift */,
				8040B22B22E7263E008D50BE /* ChatCell.swift */,
				8040B22D22E72656008D50BE /* DriversCell.swift */,
				8040B22F22E737EB008D50BE /* OrdersCell.swift */,
				8040B23022E737EB008D50BE /* OrdersCell.xib */,
			);
			path = view;
			sourceTree = "<group>";
		};
		80A1C6DA22C910DC00178D3D /* model */ = {
			isa = PBXGroup;
			children = (
				80D6B0C6231C809300F3BD45 /* kitchen */,
				80D6B0C5231C809000F3BD45 /* invoices */,
				80D6B0C0231C66EF00F3BD45 /* tables */,
				80B2F9E3230C847C00AF45AA /* order */,
				80753D682308ABE200547821 /* products */,
				80753D632308AA7D00547821 /* categories */,
				804CF46322F2120A0059CC6B /* Login.swift */,
			);
			path = model;
			sourceTree = "<group>";
		};
		80B2F9E3230C847C00AF45AA /* order */ = {
			isa = PBXGroup;
			children = (
				80B2F9E5230C84BB00AF45AA /* OrderDetails.swift */,
				80B2F9E6230C84BC00AF45AA /* OrderDetailsData.swift */,
				80B2F9E4230C84BB00AF45AA /* Orders.swift */,
				80B2F9E7230C84BC00AF45AA /* OrdersData.swift */,
			);
			path = order;
			sourceTree = "<group>";
		};
		80D6B0C0231C66EF00F3BD45 /* tables */ = {
			isa = PBXGroup;
			children = (
				80D6B0C2231C670F00F3BD45 /* InOutTables.swift */,
				80D6B0C1231C670F00F3BD45 /* InOutTablesData.swift */,
			);
			path = tables;
			sourceTree = "<group>";
		};
		80D6B0C5231C809000F3BD45 /* invoices */ = {
			isa = PBXGroup;
			children = (
				80D6B0C7231C812200F3BD45 /* Invoice.swift */,
				80D6B0C8231C812300F3BD45 /* InvoiceData.swift */,
			);
			path = invoices;
			sourceTree = "<group>";
		};
		80D6B0C6231C809300F3BD45 /* kitchen */ = {
			isa = PBXGroup;
			children = (
				80D6B0CB231C813400F3BD45 /* Kitchen.swift */,
				80D6B0CC231C813400F3BD45 /* KitchenData.swift */,
			);
			path = kitchen;
			sourceTree = "<group>";
		};
		B91B891D4050764B7D9A40A5 /* Frameworks */ = {
			isa = PBXGroup;
			children = (
				A272B432B5B4B64953842835 /* Pods_Pos1.framework */,
			);
			name = Frameworks;
			sourceTree = "<group>";
		};
/* End PBXGroup section */

/* Begin PBXNativeTarget section */
		8043475F22C4F2C100551FD4 /* Pos1 */ = {
			isa = PBXNativeTarget;
			buildConfigurationList = 8043477222C4F2C700551FD4 /* Build configuration list for PBXNativeTarget "Pos1" */;
			buildPhases = (
				FB2C03A134AEBD6AF1294494 /* [CP] Check Pods Manifest.lock */,
				8043475C22C4F2C100551FD4 /* Sources */,
				8043475D22C4F2C100551FD4 /* Frameworks */,
				8043475E22C4F2C100551FD4 /* Resources */,
				AAB1B8097301B19BDE3992BF /* [CP] Embed Pods Frameworks */,
			);
			buildRules = (
			);
			dependencies = (
			);
			name = Pos1;
			productName = Pos1;
			productReference = 8043476022C4F2C100551FD4 /* Pos1.app */;
			productType = "com.apple.product-type.application";
		};
/* End PBXNativeTarget section */

/* Begin PBXProject section */
		8043475822C4F2C100551FD4 /* Project object */ = {
			isa = PBXProject;
			attributes = {
				LastSwiftUpdateCheck = 1000;
				LastUpgradeCheck = 1000;
				ORGANIZATIONNAME = Ahmed_Aboelnaga;
				TargetAttributes = {
					8043475F22C4F2C100551FD4 = {
						CreatedOnToolsVersion = 10.0;
					};
				};
			};
			buildConfigurationList = 8043475B22C4F2C100551FD4 /* Build configuration list for PBXProject "Pos1" */;
			compatibilityVersion = "Xcode 9.3";
			developmentRegion = en;
			hasScannedForEncodings = 0;
			knownRegions = (
				en,
				Base,
			);
			mainGroup = 8043475722C4F2C100551FD4;
			productRefGroup = 8043476122C4F2C100551FD4 /* Products */;
			projectDirPath = "";
			projectRoot = "";
			targets = (
				8043475F22C4F2C100551FD4 /* Pos1 */,
			);
		};
/* End PBXProject section */

/* Begin PBXResourcesBuildPhase section */
		8043475E22C4F2C100551FD4 /* Resources */ = {
			isa = PBXResourcesBuildPhase;
			buildActionMask = 2147483647;
			files = (
				8040B23222E737EB008D50BE /* OrdersCell.xib in Resources */,
				C16C6AAC22EB2F54006CA588 /* development.cer in Resources */,
				8043476E22C4F2C700551FD4 /* LaunchScreen.storyboard in Resources */,
				C16C6AAA22EB2E8D006CA588 /* MohabMowafy.mobileprovision in Resources */,
				801D4FC622CA89F200532C52 /* ProductsCell.xib in Resources */,
				8043476B22C4F2C700551FD4 /* Assets.xcassets in Resources */,
				8043476922C4F2C100551FD4 /* Main.storyboard in Resources */,
			);
			runOnlyForDeploymentPostprocessing = 0;
		};
/* End PBXResourcesBuildPhase section */

/* Begin PBXShellScriptBuildPhase section */
		AAB1B8097301B19BDE3992BF /* [CP] Embed Pods Frameworks */ = {
			isa = PBXShellScriptBuildPhase;
			buildActionMask = 2147483647;
			files = (
			);
			inputFileListPaths = (
			);
			inputPaths = (
				"${SRCROOT}/Pods/Target Support Files/Pods-Pos1/Pods-Pos1-frameworks.sh",
				"${BUILT_PRODUCTS_DIR}/Alamofire/Alamofire.framework",
				"${BUILT_PRODUCTS_DIR}/AlamofireObjectMapper/AlamofireObjectMapper.framework",
				"${BUILT_PRODUCTS_DIR}/IQKeyboardManagerSwift/IQKeyboardManagerSwift.framework",
				"${BUILT_PRODUCTS_DIR}/Kingfisher/Kingfisher.framework",
				"${BUILT_PRODUCTS_DIR}/ObjectMapper/ObjectMapper.framework",
				"${BUILT_PRODUCTS_DIR}/SwiftyJSON/SwiftyJSON.framework",
			);
			name = "[CP] Embed Pods Frameworks";
			outputFileListPaths = (
			);
			outputPaths = (
				"${TARGET_BUILD_DIR}/${FRAMEWORKS_FOLDER_PATH}/Alamofire.framework",
				"${TARGET_BUILD_DIR}/${FRAMEWORKS_FOLDER_PATH}/AlamofireObjectMapper.framework",
				"${TARGET_BUILD_DIR}/${FRAMEWORKS_FOLDER_PATH}/IQKeyboardManagerSwift.framework",
				"${TARGET_BUILD_DIR}/${FRAMEWORKS_FOLDER_PATH}/Kingfisher.framework",
				"${TARGET_BUILD_DIR}/${FRAMEWORKS_FOLDER_PATH}/ObjectMapper.framework",
				"${TARGET_BUILD_DIR}/${FRAMEWORKS_FOLDER_PATH}/SwiftyJSON.framework",
			);
			runOnlyForDeploymentPostprocessing = 0;
			shellPath = /bin/sh;
			shellScript = "\"${SRCROOT}/Pods/Target Support Files/Pods-Pos1/Pods-Pos1-frameworks.sh\"\n";
			showEnvVarsInLog = 0;
		};
		FB2C03A134AEBD6AF1294494 /* [CP] Check Pods Manifest.lock */ = {
			isa = PBXShellScriptBuildPhase;
			buildActionMask = 2147483647;
			files = (
			);
			inputFileListPaths = (
			);
			inputPaths = (
				"${PODS_PODFILE_DIR_PATH}/Podfile.lock",
				"${PODS_ROOT}/Manifest.lock",
			);
			name = "[CP] Check Pods Manifest.lock";
			outputFileListPaths = (
			);
			outputPaths = (
				"$(DERIVED_FILE_DIR)/Pods-Pos1-checkManifestLockResult.txt",
			);
			runOnlyForDeploymentPostprocessing = 0;
			shellPath = /bin/sh;
			shellScript = "diff \"${PODS_PODFILE_DIR_PATH}/Podfile.lock\" \"${PODS_ROOT}/Manifest.lock\" > /dev/null\nif [ $? != 0 ] ; then\n    # print error to STDERR\n    echo \"error: The sandbox is not in sync with the Podfile.lock. Run 'pod install' or update your CocoaPods installation.\" >&2\n    exit 1\nfi\n# This output is used by Xcode 'outputs' to avoid re-running this script phase.\necho \"SUCCESS\" > \"${SCRIPT_OUTPUT_FILE_0}\"\n";
			showEnvVarsInLog = 0;
		};
/* End PBXShellScriptBuildPhase section */

/* Begin PBXSourcesBuildPhase section */
		8043475C22C4F2C100551FD4 /* Sources */ = {
			isa = PBXSourcesBuildPhase;
			buildActionMask = 2147483647;
			files = (
				800F4C2A22E7C206009B93A2 /* signInViewController.swift in Sources */,
				80A1C6D522C8F77A00178D3D /* InvoicesCell.swift in Sources */,
				8040B22E22E72656008D50BE /* DriversCell.swift in Sources */,
				80D6B0C9231C812300F3BD45 /* Invoice.swift in Sources */,
				80A1C6D722C910AE00178D3D /* OrdersVC.swift in Sources */,
				801D4FC522CA89F200532C52 /* ProductsCell.swift in Sources */,
				80C61D6522CCDDCC00B488B0 /* KitchenVC.swift in Sources */,
				80D6B0CD231C813400F3BD45 /* Kitchen.swift in Sources */,
				804CF46222F20B8E0059CC6B /* APIsRequests.swift in Sources */,
				80B2F9E9230C84BC00AF45AA /* OrderDetails.swift in Sources */,
				80B2F9EB230C84BC00AF45AA /* OrdersData.swift in Sources */,
				80A1C6D322C8F70800178D3D /* InvoicesVC.swift in Sources */,
				80D6B0CA231C812300F3BD45 /* InvoiceData.swift in Sources */,
				800F4C2D22E7C206009B93A2 /* scrollViewController.swift in Sources */,
				805B6D9822E88CC30097FCD6 /* DeliveryVC.swift in Sources */,
				8041EBF222CB86E900C83A4B /* AddNewEmpVC.swift in Sources */,
				8040B22A22E7260E008D50BE /* DriversChatVC.swift in Sources */,
				800F4C3622E7C22A009B93A2 /* anchor.swift in Sources */,
				8043477622C4FCA500551FD4 /* CategoriesCell.swift in Sources */,
				80D6B0C4231C670F00F3BD45 /* InOutTables.swift in Sources */,
				800F4C2F22E7C206009B93A2 /* orderViewController.swift in Sources */,
				800F4C3522E7C22A009B93A2 /* colour.swift in Sources */,
				800F4C2E22E7C206009B93A2 /* splachViewController.swift in Sources */,
				80D6B0C3231C670F00F3BD45 /* InOutTablesData.swift in Sources */,
				801D4FC822CABB7600532C52 /* TablesVC.swift in Sources */,
				800F4C2C22E7C206009B93A2 /* jopsViewController.swift in Sources */,
				8043476622C4F2C100551FD4 /* CategoriesVC.swift in Sources */,
				80B2F9EE230C84CD00AF45AA /* proDetailsData.swift in Sources */,
				8040B23122E737EB008D50BE /* OrdersCell.swift in Sources */,
				804CF46422F2120A0059CC6B /* Login.swift in Sources */,
				80D6B0CE231C813400F3BD45 /* KitchenData.swift in Sources */,
				800F4C2B22E7C206009B93A2 /* startViewController.swift in Sources */,
				80B2F9EF230C84CD00AF45AA /* proDetails.swift in Sources */,
				80753D6C2308AC0000547821 /* Products.swift in Sources */,
				800F4C3722E7C22A009B93A2 /* roundPhoto.swift in Sources */,
				80753D662308AA9500547821 /* MainCategoriesData.swift in Sources */,
				800F4C3922E7C22A009B93A2 /* swappingCollectionViewCell.swift in Sources */,
				80B2F9EA230C84BC00AF45AA /* OrderDetailsData.swift in Sources */,
				80753D672308AA9500547821 /* MainCategories.swift in Sources */,
				8040B22C22E7263E008D50BE /* ChatCell.swift in Sources */,
				80B2F9E8230C84BC00AF45AA /* Orders.swift in Sources */,
				8043476422C4F2C100551FD4 /* AppDelegate.swift in Sources */,
				800F4C2922E7C206009B93A2 /* logOutViewController.swift in Sources */,
				80C61D6722CCDEDE00B488B0 /* KitchenCell.swift in Sources */,
				80753D6B2308AC0000547821 /* ProductsData.swift in Sources */,
				800F4C3822E7C22A009B93A2 /* seconderyCollectionViewCell.swift in Sources */,
			);
			runOnlyForDeploymentPostprocessing = 0;
		};
/* End PBXSourcesBuildPhase section */

/* Begin PBXVariantGroup section */
		8043476722C4F2C100551FD4 /* Main.storyboard */ = {
			isa = PBXVariantGroup;
			children = (
				8043476822C4F2C100551FD4 /* Base */,
			);
			name = Main.storyboard;
			sourceTree = "<group>";
		};
		8043476C22C4F2C700551FD4 /* LaunchScreen.storyboard */ = {
			isa = PBXVariantGroup;
			children = (
				8043476D22C4F2C700551FD4 /* Base */,
			);
			name = LaunchScreen.storyboard;
			sourceTree = "<group>";
		};
/* End PBXVariantGroup section */

/* Begin XCBuildConfiguration section */
		8043477022C4F2C700551FD4 /* Debug */ = {
			isa = XCBuildConfiguration;
			buildSettings = {
				ALWAYS_SEARCH_USER_PATHS = NO;
				CLANG_ANALYZER_NONNULL = YES;
				CLANG_ANALYZER_NUMBER_OBJECT_CONVERSION = YES_AGGRESSIVE;
				CLANG_CXX_LANGUAGE_STANDARD = "gnu++14";
				CLANG_CXX_LIBRARY = "libc++";
				CLANG_ENABLE_MODULES = YES;
				CLANG_ENABLE_OBJC_ARC = YES;
				CLANG_ENABLE_OBJC_WEAK = YES;
				CLANG_WARN_BLOCK_CAPTURE_AUTORELEASING = YES;
				CLANG_WARN_BOOL_CONVERSION = YES;
				CLANG_WARN_COMMA = YES;
				CLANG_WARN_CONSTANT_CONVERSION = YES;
				CLANG_WARN_DEPRECATED_OBJC_IMPLEMENTATIONS = YES;
				CLANG_WARN_DIRECT_OBJC_ISA_USAGE = YES_ERROR;
				CLANG_WARN_DOCUMENTATION_COMMENTS = YES;
				CLANG_WARN_EMPTY_BODY = YES;
				CLANG_WARN_ENUM_CONVERSION = YES;
				CLANG_WARN_INFINITE_RECURSION = YES;
				CLANG_WARN_INT_CONVERSION = YES;
				CLANG_WARN_NON_LITERAL_NULL_CONVERSION = YES;
				CLANG_WARN_OBJC_IMPLICIT_RETAIN_SELF = YES;
				CLANG_WARN_OBJC_LITERAL_CONVERSION = YES;
				CLANG_WARN_OBJC_ROOT_CLASS = YES_ERROR;
				CLANG_WARN_RANGE_LOOP_ANALYSIS = YES;
				CLANG_WARN_STRICT_PROTOTYPES = YES;
				CLANG_WARN_SUSPICIOUS_MOVE = YES;
				CLANG_WARN_UNGUARDED_AVAILABILITY = YES_AGGRESSIVE;
				CLANG_WARN_UNREACHABLE_CODE = YES;
				CLANG_WARN__DUPLICATE_METHOD_MATCH = YES;
				CODE_SIGN_IDENTITY = "iPhone Developer";
				COPY_PHASE_STRIP = NO;
				DEBUG_INFORMATION_FORMAT = dwarf;
				ENABLE_STRICT_OBJC_MSGSEND = YES;
				ENABLE_TESTABILITY = YES;
				GCC_C_LANGUAGE_STANDARD = gnu11;
				GCC_DYNAMIC_NO_PIC = NO;
				GCC_NO_COMMON_BLOCKS = YES;
				GCC_OPTIMIZATION_LEVEL = 0;
				GCC_PREPROCESSOR_DEFINITIONS = (
					"DEBUG=1",
					"$(inherited)",
				);
				GCC_WARN_64_TO_32_BIT_CONVERSION = YES;
				GCC_WARN_ABOUT_RETURN_TYPE = YES_ERROR;
				GCC_WARN_UNDECLARED_SELECTOR = YES;
				GCC_WARN_UNINITIALIZED_AUTOS = YES_AGGRESSIVE;
				GCC_WARN_UNUSED_FUNCTION = YES;
				GCC_WARN_UNUSED_VARIABLE = YES;
				IPHONEOS_DEPLOYMENT_TARGET = 12.0;
				MTL_ENABLE_DEBUG_INFO = INCLUDE_SOURCE;
				MTL_FAST_MATH = YES;
				ONLY_ACTIVE_ARCH = YES;
				SDKROOT = iphoneos;
				SWIFT_ACTIVE_COMPILATION_CONDITIONS = DEBUG;
				SWIFT_OPTIMIZATION_LEVEL = "-Onone";
			};
			name = Debug;
		};
		8043477122C4F2C700551FD4 /* Release */ = {
			isa = XCBuildConfiguration;
			buildSettings = {
				ALWAYS_SEARCH_USER_PATHS = NO;
				CLANG_ANALYZER_NONNULL = YES;
				CLANG_ANALYZER_NUMBER_OBJECT_CONVERSION = YES_AGGRESSIVE;
				CLANG_CXX_LANGUAGE_STANDARD = "gnu++14";
				CLANG_CXX_LIBRARY = "libc++";
				CLANG_ENABLE_MODULES = YES;
				CLANG_ENABLE_OBJC_ARC = YES;
				CLANG_ENABLE_OBJC_WEAK = YES;
				CLANG_WARN_BLOCK_CAPTURE_AUTORELEASING = YES;
				CLANG_WARN_BOOL_CONVERSION = YES;
				CLANG_WARN_COMMA = YES;
				CLANG_WARN_CONSTANT_CONVERSION = YES;
				CLANG_WARN_DEPRECATED_OBJC_IMPLEMENTATIONS = YES;
				CLANG_WARN_DIRECT_OBJC_ISA_USAGE = YES_ERROR;
				CLANG_WARN_DOCUMENTATION_COMMENTS = YES;
				CLANG_WARN_EMPTY_BODY = YES;
				CLANG_WARN_ENUM_CONVERSION = YES;
				CLANG_WARN_INFINITE_RECURSION = YES;
				CLANG_WARN_INT_CONVERSION = YES;
				CLANG_WARN_NON_LITERAL_NULL_CONVERSION = YES;
				CLANG_WARN_OBJC_IMPLICIT_RETAIN_SELF = YES;
				CLANG_WARN_OBJC_LITERAL_CONVERSION = YES;
				CLANG_WARN_OBJC_ROOT_CLASS = YES_ERROR;
				CLANG_WARN_RANGE_LOOP_ANALYSIS = YES;
				CLANG_WARN_STRICT_PROTOTYPES = YES;
				CLANG_WARN_SUSPICIOUS_MOVE = YES;
				CLANG_WARN_UNGUARDED_AVAILABILITY = YES_AGGRESSIVE;
				CLANG_WARN_UNREACHABLE_CODE = YES;
				CLANG_WARN__DUPLICATE_METHOD_MATCH = YES;
				CODE_SIGN_IDENTITY = "iPhone Developer";
				COPY_PHASE_STRIP = NO;
				DEBUG_INFORMATION_FORMAT = "dwarf-with-dsym";
				ENABLE_NS_ASSERTIONS = NO;
				ENABLE_STRICT_OBJC_MSGSEND = YES;
				GCC_C_LANGUAGE_STANDARD = gnu11;
				GCC_NO_COMMON_BLOCKS = YES;
				GCC_WARN_64_TO_32_BIT_CONVERSION = YES;
				GCC_WARN_ABOUT_RETURN_TYPE = YES_ERROR;
				GCC_WARN_UNDECLARED_SELECTOR = YES;
				GCC_WARN_UNINITIALIZED_AUTOS = YES_AGGRESSIVE;
				GCC_WARN_UNUSED_FUNCTION = YES;
				GCC_WARN_UNUSED_VARIABLE = YES;
				IPHONEOS_DEPLOYMENT_TARGET = 12.0;
				MTL_ENABLE_DEBUG_INFO = NO;
				MTL_FAST_MATH = YES;
				SDKROOT = iphoneos;
				SWIFT_COMPILATION_MODE = wholemodule;
				SWIFT_OPTIMIZATION_LEVEL = "-O";
				VALIDATE_PRODUCT = YES;
			};
			name = Release;
		};
		8043477322C4F2C700551FD4 /* Debug */ = {
			isa = XCBuildConfiguration;
			baseConfigurationReference = C67E862F2E02074B4FB0EAC2 /* Pods-Pos1.debug.xcconfig */;
			buildSettings = {
				ASSETCATALOG_COMPILER_APPICON_NAME = AppIcon;
				CODE_SIGN_STYLE = Automatic;
				DEVELOPMENT_TEAM = K4Q3M4J42T;
				INFOPLIST_FILE = Pos1/Info.plist;
				LD_RUNPATH_SEARCH_PATHS = (
					"$(inherited)",
					"@executable_path/Frameworks",
				);
				PRODUCT_BUNDLE_IDENTIFIER = MohabMowafy.Pos.Pos1;
				PRODUCT_NAME = "$(TARGET_NAME)";
				SWIFT_VERSION = 4.2;
				TARGETED_DEVICE_FAMILY = "1,2";
			};
			name = Debug;
		};
		8043477422C4F2C700551FD4 /* Release */ = {
			isa = XCBuildConfiguration;
			baseConfigurationReference = AFA4A6C825070508B839B7EB /* Pods-Pos1.release.xcconfig */;
			buildSettings = {
				ASSETCATALOG_COMPILER_APPICON_NAME = AppIcon;
				CODE_SIGN_STYLE = Automatic;
				DEVELOPMENT_TEAM = K4Q3M4J42T;
				INFOPLIST_FILE = Pos1/Info.plist;
				LD_RUNPATH_SEARCH_PATHS = (
					"$(inherited)",
					"@executable_path/Frameworks",
				);
				PRODUCT_BUNDLE_IDENTIFIER = MohabMowafy.Pos.Pos1;
				PRODUCT_NAME = "$(TARGET_NAME)";
				SWIFT_VERSION = 4.2;
				TARGETED_DEVICE_FAMILY = "1,2";
			};
			name = Release;
		};
/* End XCBuildConfiguration section */

/* Begin XCConfigurationList section */
		8043475B22C4F2C100551FD4 /* Build configuration list for PBXProject "Pos1" */ = {
			isa = XCConfigurationList;
			buildConfigurations = (
				8043477022C4F2C700551FD4 /* Debug */,
				8043477122C4F2C700551FD4 /* Release */,
			);
			defaultConfigurationIsVisible = 0;
			defaultConfigurationName = Release;
		};
		8043477222C4F2C700551FD4 /* Build configuration list for PBXNativeTarget "Pos1" */ = {
			isa = XCConfigurationList;
			buildConfigurations = (
				8043477322C4F2C700551FD4 /* Debug */,
				8043477422C4F2C700551FD4 /* Release */,
			);
			defaultConfigurationIsVisible = 0;
			defaultConfigurationName = Release;
		};
/* End XCConfigurationList section */
	};
	rootObject = 8043475822C4F2C100551FD4 /* Project object */;
}
